
Microsoft Visual Studio Solution File, Format Version 12.00
# Visual Studio 15
VisualStudioVersion = 15.0.28307.271
MinimumVisualStudioVersion = 10.0.40219.1
Project("{FAE04EC0-301F-11D3-BF4B-00C04F79EFBC}") = "GestorHorariov2.0", "GestorHorariov2.0\GestorHorariov2.0.csproj", "{2187BD8E-93CD-4144-A4E3-B8410892541B}"
EndProject
Global
	GlobalSection(SolutionConfigurationPlatforms) = preSolution
		Debug|Any CPU = Debug|Any CPU
		Release|Any CPU = Release|Any CPU
	EndGlobalSection
	GlobalSection(ProjectConfigurationPlatforms) = postSolution
		{2187BD8E-93CD-4144-A4E3-B8410892541B}.Debug|Any CPU.ActiveCfg = Debug|Any CPU
		{2187BD8E-93CD-4144-A4E3-B8410892541B}.Debug|Any CPU.Build.0 = Debug|Any CPU
		{2187BD8E-93CD-4144-A4E3-B8410892541B}.Release|Any CPU.ActiveCfg = Release|Any CPU
		{2187BD8E-93CD-4144-A4E3-B8410892541B}.Release|Any CPU.Build.0 = Release|Any CPU
	EndGlobalSection
	GlobalSection(SolutionProperties) = preSolution
		HideSolutionNode = FALSE
	EndGlobalSection
	GlobalSection(ExtensibilityGlobals) = postSolution
		SolutionGuid = {1B2DE256-BD5A-4106-A670-A5403E065B9D}
	EndGlobalSection
EndGlobal
